560ead37044d849325755d3684ac1f74654b3ce6450604a42df6dd832cda9ede  https://raw.githubusercontent.com/raspberrypi/firmware/6f0881cba8bea8ec24956a5718714730e9936ec5/boot/start4.elf
d181d5055daebac22513d6904fa9ce21d1e99b852cc391af095ade6f0b45c400  https://raw.githubusercontent.com/raspberrypi/firmware/6f0881cba8bea8ec24956a5718714730e9936ec5/boot/fixup4.dat
75761b73c284e26623e4d1624bff13e67bce2ae620880efd81d6571a3739fcfb  https://raw.githubusercontent.com/raspberrypi/firmware/6f0881cba8bea8ec24956a5718714730e9936ec5/boot/bcm2711-rpi-4-b.dtb
f80aa8bb092c0df9401065ec1b4ee8b8846c4d9a1bb3272662b50acbd89da68b  https://raw.githubusercontent.com/raspberrypi/firmware/6f0881cba8bea8ec24956a5718714730e9936ec5/boot/kernel8.img
d0ccf86f19d9b6cbd6053fc7510b990e5fc9237cd1a888265d307ca5bab7112a  https://raw.githubusercontent.com/raspberrypi/firmware/6f0881cba8bea8ec24956a5718714730e9936ec5/modules/6.18.50-v8+/modules.dep
705653022a84ac5f7ffbb6e66ad1c72c866538d36a36ed7d43b2f1bf90d22799  https://raw.githubusercontent.com/raspberrypi/firmware/6f0881cba8bea8ec24956a5718714730e9936ec5/modules/6.18.50-v8+/kernel/net/rfkill/rfkill.ko.xz
8c63e3ed240ac051a0bfad8207088fdef18a37b744333192d2bb7dec6d86ba16  https://raw.githubusercontent.com/raspberrypi/firmware/6f0881cba8bea8ec24956a5718714730e9936ec5/modules/6.18.50-v8+/kernel/net/wireless/cfg80211.ko.xz
76533fd58712e206f4942953ff51b0b9507ba66da9fc6be372bf98223193c39b  https://raw.githubusercontent.com/raspberrypi/firmware/6f0881cba8bea8ec24956a5718714730e9936ec5/modules/6.18.50-v8+/kernel/drivers/net/wireless/broadcom/brcm80211/brcmutil/brcmutil.ko.xz
4ababf520a48876d0d8ccd55c9026934d11bd8c80d97c58d71c8224ae417949b  https://raw.githubusercontent.com/raspberrypi/firmware/6f0881cba8bea8ec24956a5718714730e9936ec5/modules/6.18.50-v8+/kernel/drivers/net/wireless/broadcom/brcm80211/brcmfmac/brcmfmac.ko.xz
52de5989d8c556608552ca378283652ed677682419669c657366fc45f4fb4719  https://raw.githubusercontent.com/raspberrypi/firmware/6f0881cba8bea8ec24956a5718714730e9936ec5/modules/6.18.50-v8+/kernel/drivers/net/wireless/broadcom/brcm80211/brcmfmac/wcc/brcmfmac-wcc.ko.xz
bff2cd408122e363b704f6d92d9184933102072a14c0f7ead40b98a298a6f491  https://raw.githubusercontent.com/raspberrypi/firmware/6f0881cba8bea8ec24956a5718714730e9936ec5/modules/6.18.50-v8+/kernel/drivers/net/wireless/broadcom/brcm80211/brcmfmac/cyw/brcmfmac-cyw.ko.xz
12a1e3e30a537128742c302a313a38424f3e76893ad2ca2c4055cd00c4524d12  https://raw.githubusercontent.com/raspberrypi/firmware/6f0881cba8bea8ec24956a5718714730e9936ec5/modules/6.18.50-v8+/kernel/drivers/net/wireless/broadcom/brcm80211/brcmfmac/bca/brcmfmac-bca.ko.xz
3075cb0bdc4b28ed4f08e01b1a216d0ebc70f4022d9d3272a4a43b3c90456e60  https://raw.githubusercontent.com/RPi-Distro/firmware-nonfree/3bab0f823f5b53150b76aab77093adef6655b920/debian/added-firmware/cypress/cyfmac43455-sdio-minimal.bin
9823842cae9fb9a5dd1e5fb31f595516ec7deee341354bef30bb3026eee29cc1  https://raw.githubusercontent.com/RPi-Distro/firmware-nonfree/3bab0f823f5b53150b76aab77093adef6655b920/debian/added-firmware/cypress/cyfmac43455-sdio.clm_blob
ca709be81a78bdb6932936374f39943acbd7af07fae6151011127599a3ce9e3d  https://raw.githubusercontent.com/RPi-Distro/firmware-nonfree/3bab0f823f5b53150b76aab77093adef6655b920/debian/added-firmware/brcm/brcmfmac43455-sdio.txt
